// !$*UTF8*$!
{
	archiveVersion = 1;
	classes = {
	};
	objectVersion = 50;
	objects = {

/* Begin PBXBuildFile section */
		0A3E84EE261B78920056102D /* Apple_FrameworksApp.swift in Sources */ = {isa = PBXBuildFile; fileRef = 0A3E84ED261B78920056102D /* Apple_FrameworksApp.swift */; };
		0A3E84F2261B78940056102D /* Assets.xcassets in Resources */ = {isa = PBXBuildFile; fileRef = 0A3E84F1261B78940056102D /* Assets.xcassets */; };
		0A3E84F5261B78940056102D /* Preview Assets.xcassets in Resources */ = {isa = PBXBuildFile; fileRef = 0A3E84F4261B78940056102D /* Preview Assets.xcassets */; };
		0A3E84FE261B79120056102D /* Framework.swift in Sources */ = {isa = PBXBuildFile; fileRef = 0A3E84FD261B79120056102D /* Framework.swift */; };
		0A3E8502261B955B0056102D /* FrameworkGridView.swift in Sources */ = {isa = PBXBuildFile; fileRef = 0A3E8501261B955B0056102D /* FrameworkGridView.swift */; };
		0A3E8506261BA0D60056102D /* FrameworkDetailView.swift in Sources */ = {isa = PBXBuildFile; fileRef = 0A3E8505261BA0D60056102D /* FrameworkDetailView.swift */; };
		0A3E8509261BA49D0056102D /* DetailButton.swift in Sources */ = {isa = PBXBuildFile; fileRef = 0A3E8508261BA49D0056102D /* DetailButton.swift */; };
		0A3E850C261C321F0056102D /* FrameworkGridViewModel.swift in Sources */ = {isa = PBXBuildFile; fileRef = 0A3E850B261C321F0056102D /* FrameworkGridViewModel.swift */; };
		0A3E8510261CE3470056102D /* SafariView.swift in Sources */ = {isa = PBXBuildFile; fileRef = 0A3E850F261CE3470056102D /* SafariView.swift */; };
		0A3E8514261CE9C60056102D /* FrameworkTitleView.swift in Sources */ = {isa = PBXBuildFile; fileRef = 0A3E8513261CE9C60056102D /* FrameworkTitleView.swift */; };
		0A3E8518261CEA260056102D /* DismissButton.swift in Sources */ = {isa = PBXBuildFile; fileRef = 0A3E8517261CEA260056102D /* DismissButton.swift */; };
		0A3E85C326236BDE0056102D /* FrameworkDetailViewModel.swift in Sources */ = {isa = PBXBuildFile; fileRef = 0A3E85C226236BDE0056102D /* FrameworkDetailViewModel.swift */; };
/* End PBXBuildFile section */

/* Begin PBXFileReference section */
		0A3E84EA261B78920056102D /* Apple-Frameworks.app */ = {isa = PBXFileReference; explicitFileType = wrapper.application; includeInIndex = 0; path = "Apple-Frameworks.app"; sourceTree = BUILT_PRODUCTS_DIR; };
		0A3E84ED261B78920056102D /* Apple_FrameworksApp.swift */ = {isa = PBXFileReference; lastKnownFileType = sourcecode.swift; path = Apple_FrameworksApp.swift; sourceTree = "<group>"; };
		0A3E84F1261B78940056102D /* Assets.xcassets */ = {isa = PBXFileReference; lastKnownFileType = folder.assetcatalog; path = Assets.xcassets; sourceTree = "<group>"; };
		0A3E84F4261B78940056102D /* Preview Assets.xcassets */ = {isa = PBXFileReference; lastKnownFileType = folder.assetcatalog; path = "Preview Assets.xcassets"; sourceTree = "<group>"; };
		0A3E84F6261B78940056102D /* Info.plist */ = {isa = PBXFileReference; lastKnownFileType = text.plist.xml; path = Info.plist; sourceTree = "<group>"; };
		0A3E84FD261B79120056102D /* Framework.swift */ = {isa = PBXFileReference; lastKnownFileType = sourcecode.swift; path = Framework.swift; sourceTree = "<group>"; };
		0A3E8501261B955B0056102D /* FrameworkGridView.swift */ = {isa = PBXFileReference; lastKnownFileType = sourcecode.swift; path = FrameworkGridView.swift; sourceTree = "<group>"; };
		0A3E8505261BA0D60056102D /* FrameworkDetailView.swift */ = {isa = PBXFileReference; lastKnownFileType = sourcecode.swift; path = FrameworkDetailView.swift; sourceTree = "<group>"; };
		0A3E8508261BA49D0056102D /* DetailButton.swift */ = {isa = PBXFileReference; lastKnownFileType = sourcecode.swift; path = DetailButton.swift; sourceTree = "<group>"; };
		0A3E850B261C321F0056102D /* FrameworkGridViewModel.swift */ = {isa = PBXFileReference; lastKnownFileType = sourcecode.swift; path = FrameworkGridViewModel.swift; sourceTree = "<group>"; };
		0A3E850F261CE3470056102D /* SafariView.swift */ = {isa = PBXFileReference; lastKnownFileType = sourcecode.swift; path = SafariView.swift; sourceTree = "<group>"; };
		0A3E8513261CE9C60056102D /* FrameworkTitleView.swift */ = {isa = PBXFileReference; lastKnownFileType = sourcecode.swift; path = FrameworkTitleView.swift; sourceTree = "<group>"; };
		0A3E8517261CEA260056102D /* DismissButton.swift */ = {isa = PBXFileReference; lastKnownFileType = sourcecode.swift; path = DismissButton.swift; sourceTree = "<group>"; };
		0A3E85C226236BDE0056102D /* FrameworkDetailViewModel.swift */ = {isa = PBXFileReference; lastKnownFileType = sourcecode.swift; path = FrameworkDetailViewModel.swift; sourceTree = "<group>"; };
/* End PBXFileReference section */

/* Begin PBXFrameworksBuildPhase section */
		0A3E84E7261B78920056102D /* Frameworks */ = {
			isa = PBXFrameworksBuildPhase;
			buildActionMask = 2147483647;
			files = (
			);
			runOnlyForDeploymentPostprocessing = 0;
		};
/* End PBXFrameworksBuildPhase section */

/* Begin PBXGroup section */
		0A3E84E1261B78920056102D = {
			isa = PBXGroup;
			children = (
				0A3E84EC261B78920056102D /* Apple-Frameworks */,
				0A3E84EB261B78920056102D /* Products */,
			);
			sourceTree = "<group>";
		};
		0A3E84EB261B78920056102D /* Products */ = {
			isa = PBXGroup;
			children = (
				0A3E84EA261B78920056102D /* Apple-Frameworks.app */,
			);
			name = Products;
			sourceTree = "<group>";
		};
		0A3E84EC261B78920056102D /* Apple-Frameworks */ = {
			isa = PBXGroup;
			children = (
				0A3E8521261CEB910056102D /* UIKitComponents */,
				0A3E851E261CEB610056102D /* Views */,
				0A3E851D261CEB520056102D /* Model */,
				0A3E851A261CEB050056102D /* Screens */,
				0A3E84ED261B78920056102D /* Apple_FrameworksApp.swift */,
				0A3E84F1261B78940056102D /* Assets.xcassets */,
				0A3E84F6261B78940056102D /* Info.plist */,
				0A3E84F3261B78940056102D /* Preview Content */,
			);
			path = "Apple-Frameworks";
			sourceTree = "<group>";
		};
		0A3E84F3261B78940056102D /* Preview Content */ = {
			isa = PBXGroup;
			children = (
				0A3E84F4261B78940056102D /* Preview Assets.xcassets */,
			);
			path = "Preview Content";
			sourceTree = "<group>";
		};
		0A3E851A261CEB050056102D /* Screens */ = {
			isa = PBXGroup;
			children = (
				0A3E851B261CEB120056102D /* FrameworkGridView */,
				0A3E851C261CEB340056102D /* FrameworkDetailView */,
			);
			path = Screens;
			sourceTree = "<group>";
		};
		0A3E851B261CEB120056102D /* FrameworkGridView */ = {
			isa = PBXGroup;
			children = (
				0A3E8501261B955B0056102D /* FrameworkGridView.swift */,
				0A3E850B261C321F0056102D /* FrameworkGridViewModel.swift */,
			);
			path = FrameworkGridView;
			sourceTree = "<group>";
		};
		0A3E851C261CEB340056102D /* FrameworkDetailView */ = {
			isa = PBXGroup;
			children = (
				0A3E8505261BA0D60056102D /* FrameworkDetailView.swift */,
				0A3E85C226236BDE0056102D /* FrameworkDetailViewModel.swift */,
			);
			path = FrameworkDetailView;
			sourceTree = "<group>";
		};
		0A3E851D261CEB520056102D /* Model */ = {
			isa = PBXGroup;
			children = (
				0A3E84FD261B79120056102D /* Framework.swift */,
			);
			path = Model;
			sourceTree = "<group>";
		};
		0A3E851E261CEB610056102D /* Views */ = {
			isa = PBXGroup;
			children = (
				0A3E8520261CEB7F0056102D /* View */,
				0A3E851F261CEB6F0056102D /* Buttons */,
			);
			path = Views;
			sourceTree = "<group>";
		};
		0A3E851F261CEB6F0056102D /* Buttons */ = {
			isa = PBXGroup;
			children = (
				0A3E8517261CEA260056102D /* DismissButton.swift */,
				0A3E8508261BA49D0056102D /* DetailButton.swift */,
			);
			path = Buttons;
			sourceTree = "<group>";
		};
		0A3E8520261CEB7F0056102D /* View */ = {
			isa = PBXGroup;
			children = (
				0A3E8513261CE9C60056102D /* FrameworkTitleView.swift */,
			);
			path = View;
			sourceTree = "<group>";
		};
		0A3E8521261CEB910056102D /* UIKitComponents */ = {
			isa = PBXGroup;
			children = (
				0A3E850F261CE3470056102D /* SafariView.swift */,
			);
			path = UIKitComponents;
			sourceTree = "<group>";
		};
/* End PBXGroup section */

/* Begin PBXNativeTarget section */
		0A3E84E9261B78920056102D /* Apple-Frameworks */ = {
			isa = PBXNativeTarget;
			buildConfigurationList = 0A3E84F9261B78940056102D /* Build configuration list for PBXNativeTarget "Apple-Frameworks" */;
			buildPhases = (
				0A3E84E6261B78920056102D /* Sources */,
				0A3E84E7261B78920056102D /* Frameworks */,
				0A3E84E8261B78920056102D /* Resources */,
			);
			buildRules = (
			);
			dependencies = (
			);
			name = "Apple-Frameworks";
			productName = "Apple-Frameworks";
			productReference = 0A3E84EA261B78920056102D /* Apple-Frameworks.app */;
			productType = "com.apple.product-type.application";
		};
/* End PBXNativeTarget section */

/* Begin PBXProject section */
		0A3E84E2261B78920056102D /* Project object */ = {
			isa = PBXProject;
			attributes = {
				LastSwiftUpdateCheck = 1240;
				LastUpgradeCheck = 1240;
				TargetAttributes = {
					0A3E84E9261B78920056102D = {
						CreatedOnToolsVersion = 12.4;
					};
				};
			};
			buildConfigurationList = 0A3E84E5261B78920056102D /* Build configuration list for PBXProject "Apple-Frameworks" */;
			compatibilityVersion = "Xcode 9.3";
			developmentRegion = en;
			hasScannedForEncodings = 0;
			knownRegions = (
				en,
				Base,
			);
			mainGroup = 0A3E84E1261B78920056102D;
			productRefGroup = 0A3E84EB261B78920056102D /* Products */;
			projectDirPath = "";
			projectRoot = "";
			targets = (
				0A3E84E9261B78920056102D /* Apple-Frameworks */,
			);
		};
/* End PBXProject section */

/* Begin PBXResourcesBuildPhase section */
		0A3E84E8261B78920056102D /* Resources */ = {
			isa = PBXResourcesBuildPhase;
			buildActionMask = 2147483647;
			files = (
				0A3E84F5261B78940056102D /* Preview Assets.xcassets in Resources */,
				0A3E84F2261B78940056102D /* Assets.xcassets in Resources */,
			);
			runOnlyForDeploymentPostprocessing = 0;
		};
/* End PBXResourcesBuildPhase section */

/* Begin PBXSourcesBuildPhase section */
		0A3E84E6261B78920056102D /* Sources */ = {
			isa = PBXSourcesBuildPhase;
			buildActionMask = 2147483647;
			files = (
				0A3E85C326236BDE0056102D /* FrameworkDetailViewModel.swift in Sources */,
				0A3E8506261BA0D60056102D /* FrameworkDetailView.swift in Sources */,
				0A3E8502261B955B0056102D /* FrameworkGridView.swift in Sources */,
				0A3E84FE261B79120056102D /* Framework.swift in Sources */,
				0A3E8509261BA49D0056102D /* DetailButton.swift in Sources */,
				0A3E84EE261B78920056102D /* Apple_FrameworksApp.swift in Sources */,
				0A3E850C261C321F0056102D /* FrameworkGridViewModel.swift in Sources */,
				0A3E8518261CEA260056102D /* DismissButton.swift in Sources */,
				0A3E8514261CE9C60056102D /* FrameworkTitleView.swift in Sources */,
				0A3E8510261CE3470056102D /* SafariView.swift in Sources */,
			);
			runOnlyForDeploymentPostprocessing = 0;
		};
/* End PBXSourcesBuildPhase section */

/* Begin XCBuildConfiguration section */
		0A3E84F7261B78940056102D /* Debug */ = {
			isa = XCBuildConfiguration;
			buildSettings = {
				ALWAYS_SEARCH_USER_PATHS = NO;
				CLANG_ANALYZER_NONNULL = YES;
				CLANG_ANALYZER_NUMBER_OBJECT_CONVERSION = YES_AGGRESSIVE;
				CLANG_CXX_LANGUAGE_STANDARD = "gnu++14";
				CLANG_CXX_LIBRARY = "libc++";
				CLANG_ENABLE_MODULES = YES;
				CLANG_ENABLE_OBJC_ARC = YES;
				CLANG_ENABLE_OBJC_WEAK = YES;
				CLANG_WARN_BLOCK_CAPTURE_AUTORELEASING = YES;
				CLANG_WARN_BOOL_CONVERSION = YES;
				CLANG_WARN_COMMA = YES;
				CLANG_WARN_CONSTANT_CONVERSION = YES;
				CLANG_WARN_DEPRECATED_OBJC_IMPLEMENTATIONS = YES;
				CLANG_WARN_DIRECT_OBJC_ISA_USAGE = YES_ERROR;
				CLANG_WARN_DOCUMENTATION_COMMENTS = YES;
				CLANG_WARN_EMPTY_BODY = YES;
				CLANG_WARN_ENUM_CONVERSION = YES;
				CLANG_WARN_INFINITE_RECURSION = YES;
				CLANG_WARN_INT_CONVERSION = YES;
				CLANG_WARN_NON_LITERAL_NULL_CONVERSION = YES;
				CLANG_WARN_OBJC_IMPLICIT_RETAIN_SELF = YES;
				CLANG_WARN_OBJC_LITERAL_CONVERSION = YES;
				CLANG_WARN_OBJC_ROOT_CLASS = YES_ERROR;
				CLANG_WARN_QUOTED_INCLUDE_IN_FRAMEWORK_HEADER = YES;
				CLANG_WARN_RANGE_LOOP_ANALYSIS = YES;
				CLANG_WARN_STRICT_PROTOTYPES = YES;
				CLANG_WARN_SUSPICIOUS_MOVE = YES;
				CLANG_WARN_UNGUARDED_AVAILABILITY = YES_AGGRESSIVE;
				CLANG_WARN_UNREACHABLE_CODE = YES;
				CLANG_WARN__DUPLICATE_METHOD_MATCH = YES;
				COPY_PHASE_STRIP = NO;
				DEBUG_INFORMATION_FORMAT = dwarf;
				ENABLE_STRICT_OBJC_MSGSEND = YES;
				ENABLE_TESTABILITY = YES;
				GCC_C_LANGUAGE_STANDARD = gnu11;
				GCC_DYNAMIC_NO_PIC = NO;
				GCC_NO_COMMON_BLOCKS = YES;
				GCC_OPTIMIZATION_LEVEL = 0;
				GCC_PREPROCESSOR_DEFINITIONS = (
					"DEBUG=1",
					"$(inherited)",
				);
				GCC_WARN_64_TO_32_BIT_CONVERSION = YES;
				GCC_WARN_ABOUT_RETURN_TYPE = YES_ERROR;
				GCC_WARN_UNDECLARED_SELECTOR = YES;
				GCC_WARN_UNINITIALIZED_AUTOS = YES_AGGRESSIVE;
				GCC_WARN_UNUSED_FUNCTION = YES;
				GCC_WARN_UNUSED_VARIABLE = YES;
				IPHONEOS_DEPLOYMENT_TARGET = 14.4;
				MTL_ENABLE_DEBUG_INFO = INCLUDE_SOURCE;
				MTL_FAST_MATH = YES;
				ONLY_ACTIVE_ARCH = YES;
				SDKROOT = iphoneos;
				SWIFT_ACTIVE_COMPILATION_CONDITIONS = DEBUG;
				SWIFT_OPTIMIZATION_LEVEL = "-Onone";
			};
			name = Debug;
		};
		0A3E84F8261B78940056102D /* Release */ = {
			isa = XCBuildConfiguration;
			buildSettings = {
				ALWAYS_SEARCH_USER_PATHS = NO;
				CLANG_ANALYZER_NONNULL = YES;
				CLANG_ANALYZER_NUMBER_OBJECT_CONVERSION = YES_AGGRESSIVE;
				CLANG_CXX_LANGUAGE_STANDARD = "gnu++14";
				CLANG_CXX_LIBRARY = "libc++";
				CLANG_ENABLE_MODULES = YES;
				CLANG_ENABLE_OBJC_ARC = YES;
				CLANG_ENABLE_OBJC_WEAK = YES;
				CLANG_WARN_BLOCK_CAPTURE_AUTORELEASING = YES;
				CLANG_WARN_BOOL_CONVERSION = YES;
				CLANG_WARN_COMMA = YES;
				CLANG_WARN_CONSTANT_CONVERSION = YES;
				CLANG_WARN_DEPRECATED_OBJC_IMPLEMENTATIONS = YES;
				CLANG_WARN_DIRECT_OBJC_ISA_USAGE = YES_ERROR;
				CLANG_WARN_DOCUMENTATION_COMMENTS = YES;
				CLANG_WARN_EMPTY_BODY = YES;
				CLANG_WARN_ENUM_CONVERSION = YES;
				CLANG_WARN_INFINITE_RECURSION = YES;
				CLANG_WARN_INT_CONVERSION = YES;
				CLANG_WARN_NON_LITERAL_NULL_CONVERSION = YES;
				CLANG_WARN_OBJC_IMPLICIT_RETAIN_SELF = YES;
				CLANG_WARN_OBJC_LITERAL_CONVERSION = YES;
				CLANG_WARN_OBJC_ROOT_CLASS = YES_ERROR;
				CLANG_WARN_QUOTED_INCLUDE_IN_FRAMEWORK_HEADER = YES;
				CLANG_WARN_RANGE_LOOP_ANALYSIS = YES;
				CLANG_WARN_STRICT_PROTOTYPES = YES;
				CLANG_WARN_SUSPICIOUS_MOVE = YES;
				CLANG_WARN_UNGUARDED_AVAILABILITY = YES_AGGRESSIVE;
				CLANG_WARN_UNREACHABLE_CODE = YES;
				CLANG_WARN__DUPLICATE_METHOD_MATCH = YES;
				COPY_PHASE_STRIP = NO;
				DEBUG_INFORMATION_FORMAT = "dwarf-with-dsym";
				ENABLE_NS_ASSERTIONS = NO;
				ENABLE_STRICT_OBJC_MSGSEND = YES;
				GCC_C_LANGUAGE_STANDARD = gnu11;
				GCC_NO_COMMON_BLOCKS = YES;
				GCC_WARN_64_TO_32_BIT_CONVERSION = YES;
				GCC_WARN_ABOUT_RETURN_TYPE = YES_ERROR;
				GCC_WARN_UNDECLARED_SELECTOR = YES;
				GCC_WARN_UNINITIALIZED_AUTOS = YES_AGGRESSIVE;
				GCC_WARN_UNUSED_FUNCTION = YES;
				GCC_WARN_UNUSED_VARIABLE = YES;
				IPHONEOS_DEPLOYMENT_TARGET = 14.4;
				MTL_ENABLE_DEBUG_INFO = NO;
				MTL_FAST_MATH = YES;
				SDKROOT = iphoneos;
				SWIFT_COMPILATION_MODE = wholemodule;
				SWIFT_OPTIMIZATION_LEVEL = "-O";
				VALIDATE_PRODUCT = YES;
			};
			name = Release;
		};
		0A3E84FA261B78940056102D /* Debug */ = {
			isa = XCBuildConfiguration;
			buildSettings = {
				ASSETCATALOG_COMPILER_APPICON_NAME = AppIcon;
				ASSETCATALOG_COMPILER_GLOBAL_ACCENT_COLOR_NAME = AccentColor;
				CODE_SIGN_STYLE = Automatic;
				DEVELOPMENT_ASSET_PATHS = "\"Apple-Frameworks/Preview Content\"";
				DEVELOPMENT_TEAM = PFY5L55ZF2;
				ENABLE_PREVIEWS = YES;
				INFOPLIST_FILE = "Apple-Frameworks/Info.plist";
				IPHONEOS_DEPLOYMENT_TARGET = 14.0;
				LD_RUNPATH_SEARCH_PATHS = (
					"$(inherited)",
					"@executable_path/Frameworks",
				);
				PRODUCT_BUNDLE_IDENTIFIER = "com.chernovDA.Apple-Frameworks";
				PRODUCT_NAME = "$(TARGET_NAME)";
				SWIFT_VERSION = 5.0;
				TARGETED_DEVICE_FAMILY = "1,2";
			};
			name = Debug;
		};
		0A3E84FB261B78940056102D /* Release */ = {
			isa = XCBuildConfiguration;
			buildSettings = {
				ASSETCATALOG_COMPILER_APPICON_NAME = AppIcon;
				ASSETCATALOG_COMPILER_GLOBAL_ACCENT_COLOR_NAME = AccentColor;
				CODE_SIGN_STYLE = Automatic;
				DEVELOPMENT_ASSET_PATHS = "\"Apple-Frameworks/Preview Content\"";
				DEVELOPMENT_TEAM = PFY5L55ZF2;
				ENABLE_PREVIEWS = YES;
				INFOPLIST_FILE = "Apple-Frameworks/Info.plist";
				IPHONEOS_DEPLOYMENT_TARGET = 14.0;
				LD_RUNPATH_SEARCH_PATHS = (
					"$(inherited)",
					"@executable_path/Frameworks",
				);
				PRODUCT_BUNDLE_IDENTIFIER = "com.chernovDA.Apple-Frameworks";
				PRODUCT_NAME = "$(TARGET_NAME)";
				SWIFT_VERSION = 5.0;
				TARGETED_DEVICE_FAMILY = "1,2";
			};
			name = Release;
		};
/* End XCBuildConfiguration section */

/* Begin XCConfigurationList section */
		0A3E84E5261B78920056102D /* Build configuration list for PBXProject "Apple-Frameworks" */ = {
			isa = XCConfigurationList;
			buildConfigurations = (
				0A3E84F7261B78940056102D /* Debug */,
				0A3E84F8261B78940056102D /* Release */,
			);
			defaultConfigurationIsVisible = 0;
			defaultConfigurationName = Release;
		};
		0A3E84F9261B78940056102D /* Build configuration list for PBXNativeTarget "Apple-Frameworks" */ = {
			isa = XCConfigurationList;
			buildConfigurations = (
				0A3E84FA261B78940056102D /* Debug */,
				0A3E84FB261B78940056102D /* Release */,
			);
			defaultConfigurationIsVisible = 0;
			defaultConfigurationName = Release;
		};
/* End XCConfigurationList section */
	};
	rootObject = 0A3E84E2261B78920056102D /* Project object */;
}
